
Microsoft Visual Studio Solution File, Format Version 12.00
# Visual Studio Version 17
VisualStudioVersion = 17.11.35327.3
MinimumVisualStudioVersion = 10.0.40219.1
Project("{FAE04EC0-301F-11D3-BF4B-00C04F79EFBC}") = "MediaRatingProject", "MediaRatingProject\MediaRatingProject.csproj", "{8AD83174-DB64-C634-E1FE-AACB25871B32}"
EndProject
Project("{FAE04EC0-301F-11D3-BF4B-00C04F79EFBC}") = "MediaRatingProject.API", "MediaRatingProject.API\MediaRatingProject.API.csproj", "{753BE940-788A-D0DD-CCC9-B0C243421B99}"
EndProject
Global
	GlobalSection(SolutionConfigurationPlatforms) = preSolution
		Debug|Any CPU = Debug|Any CPU
		Release|Any CPU = Release|Any CPU
	EndGlobalSection
	GlobalSection(ProjectConfigurationPlatforms) = postSolution
		{8AD83174-DB64-C634-E1FE-AACB25871B32}.Debug|Any CPU.ActiveCfg = Debug|Any CPU
		{8AD83174-DB64-C634-E1FE-AACB25871B32}.Debug|Any CPU.Build.0 = Debug|Any CPU
		{8AD83174-DB64-C634-E1FE-AACB25871B32}.Release|Any CPU.ActiveCfg = Release|Any CPU
		{8AD83174-DB64-C634-E1FE-AACB25871B32}.Release|Any CPU.Build.0 = Release|Any CPU
		{753BE940-788A-D0DD-CCC9-B0C243421B99}.Debug|Any CPU.ActiveCfg = Debug|Any CPU
		{753BE940-788A-D0DD-CCC9-B0C243421B99}.Debug|Any CPU.Build.0 = Debug|Any CPU
		{753BE940-788A-D0DD-CCC9-B0C243421B99}.Release|Any CPU.ActiveCfg = Release|Any CPU
		{753BE940-788A-D0DD-CCC9-B0C243421B99}.Release|Any CPU.Build.0 = Release|Any CPU
	EndGlobalSection
	GlobalSection(SolutionProperties) = preSolution
		HideSolutionNode = FALSE
	EndGlobalSection
	GlobalSection(ExtensibilityGlobals) = postSolution
		SolutionGuid = {E443A32C-A63C-4DD3-883D-69D3F18C3A03}
	EndGlobalSection
EndGlobal
